
Microsoft Visual Studio Solution File, Format Version 12.00
# Visual Studio 15
VisualStudioVersion = 15.0.27428.2043
MinimumVisualStudioVersion = 10.0.40219.1
Project("{FAE04EC0-301F-11D3-BF4B-00C04F79EFBC}") = "TestMVC", "TestMVC\TestMVC.csproj", "{16DBE582-15DB-4AB2-808A-0F93962B2904}"
EndProject
Project("{2150E333-8FDC-42A3-9474-1A3956D46DE8}") = "Data Access Layer", "Data Access Layer", "{D508DD92-7493-4CD8-9956-EBE36DA67DC7}"
EndProject
Project("{FAE04EC0-301F-11D3-BF4B-00C04F79EFBC}") = "DataAccessLayer", "DataAccessLayer\DataAccessLayer.csproj", "{C8B4BD67-B52F-45B8-A68D-AE74DFD84F1B}"
EndProject
Project("{2150E333-8FDC-42A3-9474-1A3956D46DE8}") = "Model", "Model", "{26E4682E-0CD7-4D86-87AB-619D018AB662}"
EndProject
Project("{FAE04EC0-301F-11D3-BF4B-00C04F79EFBC}") = "BusinessLayer", "BusinessLayer\BusinessLayer.csproj", "{C37EA674-7BC2-49AE-9C05-62A2D23BA785}"
EndProject
Project("{FAE04EC0-301F-11D3-BF4B-00C04F79EFBC}") = "BusinessEntities", "BusinessEntities\BusinessEntities.csproj", "{542F44BE-7A18-4108-84E4-B838B94FECAB}"
EndProject
Project("{2150E333-8FDC-42A3-9474-1A3956D46DE8}") = "View And Controller", "View And Controller", "{55CFC2C4-301D-4241-9011-28E98DE38632}"
EndProject
Project("{2150E333-8FDC-42A3-9474-1A3956D46DE8}") = "View Model", "View Model", "{6E289D58-8887-4941-B04E-DFEDD2562516}"
EndProject
Project("{FAE04EC0-301F-11D3-BF4B-00C04F79EFBC}") = "ViewModel", "ViewModel\ViewModel.csproj", "{4E69D905-0DDA-464F-A2A3-7F184F363941}"
EndProject
Global
	GlobalSection(SolutionConfigurationPlatforms) = preSolution
		Debug|Any CPU = Debug|Any CPU
		Release|Any CPU = Release|Any CPU
	EndGlobalSection
	GlobalSection(ProjectConfigurationPlatforms) = postSolution
		{16DBE582-15DB-4AB2-808A-0F93962B2904}.Debug|Any CPU.ActiveCfg = Debug|Any CPU
		{16DBE582-15DB-4AB2-808A-0F93962B2904}.Debug|Any CPU.Build.0 = Debug|Any CPU
		{16DBE582-15DB-4AB2-808A-0F93962B2904}.Release|Any CPU.ActiveCfg = Release|Any CPU
		{16DBE582-15DB-4AB2-808A-0F93962B2904}.Release|Any CPU.Build.0 = Release|Any CPU
		{C8B4BD67-B52F-45B8-A68D-AE74DFD84F1B}.Debug|Any CPU.ActiveCfg = Debug|Any CPU
		{C8B4BD67-B52F-45B8-A68D-AE74DFD84F1B}.Debug|Any CPU.Build.0 = Debug|Any CPU
		{C8B4BD67-B52F-45B8-A68D-AE74DFD84F1B}.Release|Any CPU.ActiveCfg = Release|Any CPU
		{C8B4BD67-B52F-45B8-A68D-AE74DFD84F1B}.Release|Any CPU.Build.0 = Release|Any CPU
		{C37EA674-7BC2-49AE-9C05-62A2D23BA785}.Debug|Any CPU.ActiveCfg = Debug|Any CPU
		{C37EA674-7BC2-49AE-9C05-62A2D23BA785}.Debug|Any CPU.Build.0 = Debug|Any CPU
		{C37EA674-7BC2-49AE-9C05-62A2D23BA785}.Release|Any CPU.ActiveCfg = Release|Any CPU
		{C37EA674-7BC2-49AE-9C05-62A2D23BA785}.Release|Any CPU.Build.0 = Release|Any CPU
		{542F44BE-7A18-4108-84E4-B838B94FECAB}.Debug|Any CPU.ActiveCfg = Debug|Any CPU
		{542F44BE-7A18-4108-84E4-B838B94FECAB}.Debug|Any CPU.Build.0 = Debug|Any CPU
		{542F44BE-7A18-4108-84E4-B838B94FECAB}.Release|Any CPU.ActiveCfg = Release|Any CPU
		{542F44BE-7A18-4108-84E4-B838B94FECAB}.Release|Any CPU.Build.0 = Release|Any CPU
		{4E69D905-0DDA-464F-A2A3-7F184F363941}.Debug|Any CPU.ActiveCfg = Debug|Any CPU
		{4E69D905-0DDA-464F-A2A3-7F184F363941}.Debug|Any CPU.Build.0 = Debug|Any CPU
		{4E69D905-0DDA-464F-A2A3-7F184F363941}.Release|Any CPU.ActiveCfg = Release|Any CPU
		{4E69D905-0DDA-464F-A2A3-7F184F363941}.Release|Any CPU.Build.0 = Release|Any CPU
	EndGlobalSection
	GlobalSection(SolutionProperties) = preSolution
		HideSolutionNode = FALSE
	EndGlobalSection
	GlobalSection(NestedProjects) = preSolution
		{16DBE582-15DB-4AB2-808A-0F93962B2904} = {55CFC2C4-301D-4241-9011-28E98DE38632}
		{C8B4BD67-B52F-45B8-A68D-AE74DFD84F1B} = {D508DD92-7493-4CD8-9956-EBE36DA67DC7}
		{C37EA674-7BC2-49AE-9C05-62A2D23BA785} = {26E4682E-0CD7-4D86-87AB-619D018AB662}
		{542F44BE-7A18-4108-84E4-B838B94FECAB} = {26E4682E-0CD7-4D86-87AB-619D018AB662}
		{4E69D905-0DDA-464F-A2A3-7F184F363941} = {6E289D58-8887-4941-B04E-DFEDD2562516}
	EndGlobalSection
	GlobalSection(ExtensibilityGlobals) = postSolution
		SolutionGuid = {41E4FFAC-6590-4630-8B06-8B197076EE2A}
	EndGlobalSection
EndGlobal
