
Microsoft Visual Studio Solution File, Format Version 12.00
# Visual Studio 15
VisualStudioVersion = 15.0.27428.2043
MinimumVisualStudioVersion = 10.0.40219.1
Project("{FAE04EC0-301F-11D3-BF4B-00C04F79EFBC}") = "TestMVC", "TestMVC\TestMVC.csproj", "{16DBE582-15DB-4AB2-808A-0F93962B2904}"
EndProject
Global
	GlobalSection(SolutionConfigurationPlatforms) = preSolution
		Debug|Any CPU = Debug|Any CPU
		Release|Any CPU = Release|Any CPU
	EndGlobalSection
	GlobalSection(ProjectConfigurationPlatforms) = postSolution
		{16DBE582-15DB-4AB2-808A-0F93962B2904}.Debug|Any CPU.ActiveCfg = Debug|Any CPU
		{16DBE582-15DB-4AB2-808A-0F93962B2904}.Debug|Any CPU.Build.0 = Debug|Any CPU
		{16DBE582-15DB-4AB2-808A-0F93962B2904}.Release|Any CPU.ActiveCfg = Release|Any CPU
		{16DBE582-15DB-4AB2-808A-0F93962B2904}.Release|Any CPU.Build.0 = Release|Any CPU
	EndGlobalSection
	GlobalSection(SolutionProperties) = preSolution
		HideSolutionNode = FALSE
	EndGlobalSection
	GlobalSection(ExtensibilityGlobals) = postSolution
		SolutionGuid = {41E4FFAC-6590-4630-8B06-8B197076EE2A}
	EndGlobalSection
EndGlobal
